<?xml version="1.0" encoding="utf-8"?>
<Project ToolsVersion="4.0" xmlns="http://schemas.microsoft.com/developer/msbuild/2003">
  <ItemGroup>
    <Filter Include="Source Files">
      <UniqueIdentifier>{f88b4d3b-c6b8-4709-8a76-6401a916c0d5}</UniqueIdentifier>
      <Extensions>cpp;c;cxx;rc;def;r;odl;idl;hpj;bat</Extensions>
    </Filter>
    <Filter Include="Header Files">
      <UniqueIdentifier>{3f322b31-59bc-4c4d-93f3-b7108edbb4ba}</UniqueIdentifier>
      <Extensions>h;hpp;hxx;hm;inl</Extensions>
    </Filter>
    <Filter Include="Resource Files">
      <UniqueIdentifier>{82cb02a8-5e4f-42d9-a5d8-7979675787cf}</UniqueIdentifier>
      <Extensions>ico;cur;bmp;dlg;rc2;rct;bin;rgs;gif;jpg;jpeg;jpe</Extensions>
    </Filter>
  </ItemGroup>
  <ItemGroup>
    <ClCompile Include="main.cpp">
      <Filter>Source Files</Filter>
    </ClCompile>
  </ItemGroup>
  <ItemGroup>
    <ClInclude Include="N1231A.h">
      <Filter>Header Files</Filter>
    </ClInclude>
    <ClInclude Include="N1231A_reg.h">
      <Filter>Header Files</Filter>
    </ClInclude>
    <ClInclude Include="NIDAQmx.h">
      <Filter>Header Files</Filter>
    </ClInclude>
  </ItemGroup>
</Project>