<?xml version="1.0" encoding="utf-8"?>
<Project ToolsVersion="4.0" xmlns="http://schemas.microsoft.com/developer/msbuild/2003">
  <ItemGroup>
    <Filter Include="Source Files">
      <UniqueIdentifier>{6d956cef-149e-4a20-bd48-9b627103a06c}</UniqueIdentifier>
      <Extensions>cpp;c;cxx;rc;def;r;odl;idl;hpj;bat</Extensions>
    </Filter>
    <Filter Include="Header Files">
      <UniqueIdentifier>{15b97c9b-4c50-4478-b7f4-1e08f1a0a61b}</UniqueIdentifier>
      <Extensions>h;hpp;hxx;hm;inl</Extensions>
    </Filter>
    <Filter Include="Resource Files">
      <UniqueIdentifier>{b6ba70cb-6b53-44db-82be-0171dd96ef44}</UniqueIdentifier>
      <Extensions>ico;cur;bmp;dlg;rc2;rct;bin;rgs;gif;jpg;jpeg;jpe</Extensions>
    </Filter>
  </ItemGroup>
  <ItemGroup>
    <ClCompile Include="main.cpp">
      <Filter>Source Files</Filter>
    </ClCompile>
  </ItemGroup>
  <ItemGroup>
    <ClInclude Include="N1231A.h">
      <Filter>Header Files</Filter>
    </ClInclude>
    <ClInclude Include="N1231A_reg.h">
      <Filter>Header Files</Filter>
    </ClInclude>
    <ClInclude Include="NIDAQmx.h">
      <Filter>Header Files</Filter>
    </ClInclude>
  </ItemGroup>
</Project>